
Microsoft Visual Studio Solution File, Format Version 12.00
# Visual Studio 15
VisualStudioVersion = 15.0.27004.2009
MinimumVisualStudioVersion = 10.0.40219.1
Project("{2150E333-8FDC-42A3-9474-1A3956D46DE8}") = "0 - Presentation", "0 - Presentation", "{619E7004-DB00-435E-99EC-E04877F1C7CB}"
EndProject
Project("{2150E333-8FDC-42A3-9474-1A3956D46DE8}") = "1 - Application", "1 - Application", "{936E3C9F-A151-44E4-8A2F-30C3392295D0}"
EndProject
Project("{2150E333-8FDC-42A3-9474-1A3956D46DE8}") = "2 - Domain", "2 - Domain", "{B102054B-2267-4E00-9E57-70544B3A80EC}"
EndProject
Project("{2150E333-8FDC-42A3-9474-1A3956D46DE8}") = "3 - Infrastructure", "3 - Infrastructure", "{33218F19-4FFF-4793-9D40-0DDE17395FB4}"
EndProject
Project("{FAE04EC0-301F-11D3-BF4B-00C04F79EFBC}") = "Leaders.RedeemVoucher.WpfFrontend", "Leaders.RedeemVoucher.WpfFrontend\Leaders.RedeemVoucher.WpfFrontend.csproj", "{91787DB9-B787-460E-8F09-3D17544E756B}"
EndProject
Project("{FAE04EC0-301F-11D3-BF4B-00C04F79EFBC}") = "Leaders.RedeemVoucher.App", "Leaders.RedeemVoucher.App\Leaders.RedeemVoucher.App.csproj", "{C6C15611-7303-484D-8EE6-1E19D5D74907}"
EndProject
Project("{FAE04EC0-301F-11D3-BF4B-00C04F79EFBC}") = "Leaders.RedeemVoucher.Domain", "Leaders.RedeemVoucher.Domain\Leaders.RedeemVoucher.Domain.csproj", "{97D20FD3-D77C-435F-94D2-9887DD8D4031}"
EndProject
Project("{FAE04EC0-301F-11D3-BF4B-00C04F79EFBC}") = "Leaders.RedeemVoucher.Infra", "Leaders.RedeemVoucher.Infra\Leaders.RedeemVoucher.Infra.csproj", "{9912F127-538F-4288-BA87-097BB69E7A7D}"
EndProject
Project("{FAE04EC0-301F-11D3-BF4B-00C04F79EFBC}") = "Leaders.RedeemVoucher.Injector", "Leaders.RedeemVoucher.Injector\Leaders.RedeemVoucher.Injector.csproj", "{1EA54AE3-DE21-4428-86AE-27846D759873}"
EndProject
Global
	GlobalSection(SolutionConfigurationPlatforms) = preSolution
		Debug|Any CPU = Debug|Any CPU
		Release|Any CPU = Release|Any CPU
	EndGlobalSection
	GlobalSection(ProjectConfigurationPlatforms) = postSolution
		{91787DB9-B787-460E-8F09-3D17544E756B}.Debug|Any CPU.ActiveCfg = Debug|Any CPU
		{91787DB9-B787-460E-8F09-3D17544E756B}.Debug|Any CPU.Build.0 = Debug|Any CPU
		{91787DB9-B787-460E-8F09-3D17544E756B}.Release|Any CPU.ActiveCfg = Release|Any CPU
		{91787DB9-B787-460E-8F09-3D17544E756B}.Release|Any CPU.Build.0 = Release|Any CPU
		{C6C15611-7303-484D-8EE6-1E19D5D74907}.Debug|Any CPU.ActiveCfg = Debug|Any CPU
		{C6C15611-7303-484D-8EE6-1E19D5D74907}.Debug|Any CPU.Build.0 = Debug|Any CPU
		{C6C15611-7303-484D-8EE6-1E19D5D74907}.Release|Any CPU.ActiveCfg = Release|Any CPU
		{C6C15611-7303-484D-8EE6-1E19D5D74907}.Release|Any CPU.Build.0 = Release|Any CPU
		{97D20FD3-D77C-435F-94D2-9887DD8D4031}.Debug|Any CPU.ActiveCfg = Debug|Any CPU
		{97D20FD3-D77C-435F-94D2-9887DD8D4031}.Debug|Any CPU.Build.0 = Debug|Any CPU
		{97D20FD3-D77C-435F-94D2-9887DD8D4031}.Release|Any CPU.ActiveCfg = Release|Any CPU
		{97D20FD3-D77C-435F-94D2-9887DD8D4031}.Release|Any CPU.Build.0 = Release|Any CPU
		{9912F127-538F-4288-BA87-097BB69E7A7D}.Debug|Any CPU.ActiveCfg = Debug|Any CPU
		{9912F127-538F-4288-BA87-097BB69E7A7D}.Debug|Any CPU.Build.0 = Debug|Any CPU
		{9912F127-538F-4288-BA87-097BB69E7A7D}.Release|Any CPU.ActiveCfg = Release|Any CPU
		{9912F127-538F-4288-BA87-097BB69E7A7D}.Release|Any CPU.Build.0 = Release|Any CPU
		{1EA54AE3-DE21-4428-86AE-27846D759873}.Debug|Any CPU.ActiveCfg = Debug|Any CPU
		{1EA54AE3-DE21-4428-86AE-27846D759873}.Debug|Any CPU.Build.0 = Debug|Any CPU
		{1EA54AE3-DE21-4428-86AE-27846D759873}.Release|Any CPU.ActiveCfg = Release|Any CPU
		{1EA54AE3-DE21-4428-86AE-27846D759873}.Release|Any CPU.Build.0 = Release|Any CPU
	EndGlobalSection
	GlobalSection(SolutionProperties) = preSolution
		HideSolutionNode = FALSE
	EndGlobalSection
	GlobalSection(NestedProjects) = preSolution
		{91787DB9-B787-460E-8F09-3D17544E756B} = {619E7004-DB00-435E-99EC-E04877F1C7CB}
		{C6C15611-7303-484D-8EE6-1E19D5D74907} = {936E3C9F-A151-44E4-8A2F-30C3392295D0}
		{97D20FD3-D77C-435F-94D2-9887DD8D4031} = {B102054B-2267-4E00-9E57-70544B3A80EC}
		{9912F127-538F-4288-BA87-097BB69E7A7D} = {33218F19-4FFF-4793-9D40-0DDE17395FB4}
		{1EA54AE3-DE21-4428-86AE-27846D759873} = {33218F19-4FFF-4793-9D40-0DDE17395FB4}
	EndGlobalSection
	GlobalSection(ExtensibilityGlobals) = postSolution
		SolutionGuid = {9F061E49-705D-46CD-A408-62214507F95C}
	EndGlobalSection
EndGlobal
